// !$*UTF8*$!
{
	archiveVersion = 1;
	classes = {
	};
	objectVersion = 46;
	objects = {

/* Begin PBXBuildFile section */
		AEA3720618BECFD2009567CB /* FirstViewController.xib in Resources */ = {isa = PBXBuildFile; fileRef = AEA3720418BECFD2009567CB /* FirstViewController.xib */; };
		AEA3720718BECFD2009567CB /* SecondViewController.xib in Resources */ = {isa = PBXBuildFile; fileRef = AEA3720518BECFD2009567CB /* SecondViewController.xib */; };
		AEA3720B18BEE6FD009567CB /* EditViewController.m in Sources */ = {isa = PBXBuildFile; fileRef = AEA3720918BEE6FD009567CB /* EditViewController.m */; };
		AEA3720C18BEE6FD009567CB /* EditViewController.xib in Resources */ = {isa = PBXBuildFile; fileRef = AEA3720A18BEE6FD009567CB /* EditViewController.xib */; };
		AEA3721018BEE79F009567CB /* SearchViewController.m in Sources */ = {isa = PBXBuildFile; fileRef = AEA3720E18BEE79F009567CB /* SearchViewController.m */; };
		AEA3721118BEE79F009567CB /* SearchViewController.xib in Resources */ = {isa = PBXBuildFile; fileRef = AEA3720F18BEE79F009567CB /* SearchViewController.xib */; };
		F4A6DFC818BF71B40015F2E1 /* ASIAuthenticationDialog.m in Sources */ = {isa = PBXBuildFile; fileRef = F4A6DF7718BF71B40015F2E1 /* ASIAuthenticationDialog.m */; settings = {COMPILER_FLAGS = "-fno-objc-arc"; }; };
		F4A6DFC918BF71B40015F2E1 /* ASIDataCompressor.m in Sources */ = {isa = PBXBuildFile; fileRef = F4A6DF7A18BF71B40015F2E1 /* ASIDataCompressor.m */; settings = {COMPILER_FLAGS = "-fno-objc-arc"; }; };
		F4A6DFCA18BF71B40015F2E1 /* ASIDataDecompressor.m in Sources */ = {isa = PBXBuildFile; fileRef = F4A6DF7C18BF71B40015F2E1 /* ASIDataDecompressor.m */; settings = {COMPILER_FLAGS = "-fno-objc-arc"; }; };
		F4A6DFCB18BF71B40015F2E1 /* ASIDownloadCache.m in Sources */ = {isa = PBXBuildFile; fileRef = F4A6DF7E18BF71B40015F2E1 /* ASIDownloadCache.m */; settings = {COMPILER_FLAGS = "-fno-objc-arc"; }; };
		F4A6DFCC18BF71B40015F2E1 /* ASIFormDataRequest.m in Sources */ = {isa = PBXBuildFile; fileRef = F4A6DF8018BF71B40015F2E1 /* ASIFormDataRequest.m */; settings = {COMPILER_FLAGS = "-fno-objc-arc"; }; };
		F4A6DFCD18BF71B40015F2E1 /* ASIHTTPRequest.m in Sources */ = {isa = PBXBuildFile; fileRef = F4A6DF8218BF71B40015F2E1 /* ASIHTTPRequest.m */; settings = {COMPILER_FLAGS = "-fno-objc-arc"; }; };
		F4A6DFCE18BF71B40015F2E1 /* ASIInputStream.m in Sources */ = {isa = PBXBuildFile; fileRef = F4A6DF8618BF71B40015F2E1 /* ASIInputStream.m */; settings = {COMPILER_FLAGS = "-fno-objc-arc"; }; };
		F4A6DFCF18BF71B40015F2E1 /* ASINetworkQueue.m in Sources */ = {isa = PBXBuildFile; fileRef = F4A6DF8818BF71B40015F2E1 /* ASINetworkQueue.m */; settings = {COMPILER_FLAGS = "-fno-objc-arc"; }; };
		F4A6DFD118BF71B40015F2E1 /* ASICloudFilesCDNRequest.m in Sources */ = {isa = PBXBuildFile; fileRef = F4A6DF8F18BF71B40015F2E1 /* ASICloudFilesCDNRequest.m */; settings = {COMPILER_FLAGS = "-fno-objc-arc"; }; };
		F4A6DFD218BF71B40015F2E1 /* ASICloudFilesContainer.m in Sources */ = {isa = PBXBuildFile; fileRef = F4A6DF9118BF71B40015F2E1 /* ASICloudFilesContainer.m */; settings = {COMPILER_FLAGS = "-fno-objc-arc"; }; };
		F4A6DFD318BF71B40015F2E1 /* ASICloudFilesContainerRequest.m in Sources */ = {isa = PBXBuildFile; fileRef = F4A6DF9318BF71B40015F2E1 /* ASICloudFilesContainerRequest.m */; settings = {COMPILER_FLAGS = "-fno-objc-arc"; }; };
		F4A6DFD418BF71B40015F2E1 /* ASICloudFilesContainerXMLParserDelegate.m in Sources */ = {isa = PBXBuildFile; fileRef = F4A6DF9518BF71B40015F2E1 /* ASICloudFilesContainerXMLParserDelegate.m */; settings = {COMPILER_FLAGS = "-fno-objc-arc"; }; };
		F4A6DFD518BF71B40015F2E1 /* ASICloudFilesObject.m in Sources */ = {isa = PBXBuildFile; fileRef = F4A6DF9718BF71B40015F2E1 /* ASICloudFilesObject.m */; settings = {COMPILER_FLAGS = "-fno-objc-arc"; }; };
		F4A6DFD618BF71B40015F2E1 /* ASICloudFilesObjectRequest.m in Sources */ = {isa = PBXBuildFile; fileRef = F4A6DF9918BF71B40015F2E1 /* ASICloudFilesObjectRequest.m */; settings = {COMPILER_FLAGS = "-fno-objc-arc"; }; };
		F4A6DFD718BF71B40015F2E1 /* ASICloudFilesRequest.m in Sources */ = {isa = PBXBuildFile; fileRef = F4A6DF9B18BF71B40015F2E1 /* ASICloudFilesRequest.m */; settings = {COMPILER_FLAGS = "-fno-objc-arc"; }; };
		F4A6DFD818BF71B40015F2E1 /* ASIS3Bucket.m in Sources */ = {isa = PBXBuildFile; fileRef = F4A6DF9F18BF71B40015F2E1 /* ASIS3Bucket.m */; settings = {COMPILER_FLAGS = "-fno-objc-arc"; }; };
		F4A6DFD918BF71B40015F2E1 /* ASIS3BucketObject.m in Sources */ = {isa = PBXBuildFile; fileRef = F4A6DFA118BF71B40015F2E1 /* ASIS3BucketObject.m */; settings = {COMPILER_FLAGS = "-fno-objc-arc"; }; };
		F4A6DFDA18BF71B40015F2E1 /* ASIS3BucketRequest.m in Sources */ = {isa = PBXBuildFile; fileRef = F4A6DFA318BF71B40015F2E1 /* ASIS3BucketRequest.m */; settings = {COMPILER_FLAGS = "-fno-objc-arc"; }; };
		F4A6DFDB18BF71B40015F2E1 /* ASIS3ObjectRequest.m in Sources */ = {isa = PBXBuildFile; fileRef = F4A6DFA518BF71B40015F2E1 /* ASIS3ObjectRequest.m */; settings = {COMPILER_FLAGS = "-fno-objc-arc"; }; };
		F4A6DFDC18BF71B40015F2E1 /* ASIS3Request.m in Sources */ = {isa = PBXBuildFile; fileRef = F4A6DFA718BF71B40015F2E1 /* ASIS3Request.m */; settings = {COMPILER_FLAGS = "-fno-objc-arc"; }; };
		F4A6DFDD18BF71B40015F2E1 /* ASIS3ServiceRequest.m in Sources */ = {isa = PBXBuildFile; fileRef = F4A6DFA918BF71B40015F2E1 /* ASIS3ServiceRequest.m */; settings = {COMPILER_FLAGS = "-fno-objc-arc"; }; };
		F4A6DFEF18BF75240015F2E1 /* DataProvider.m in Sources */ = {isa = PBXBuildFile; fileRef = F4A6DFEE18BF75240015F2E1 /* DataProvider.m */; };
		F4A6DFF318BF78A20015F2E1 /* Reachability.m in Sources */ = {isa = PBXBuildFile; fileRef = F4A6DFF218BF78A20015F2E1 /* Reachability.m */; settings = {COMPILER_FLAGS = "-fno-objc-arc"; }; };
		F4A6DFF518BF78D10015F2E1 /* SystemConfiguration.framework in Frameworks */ = {isa = PBXBuildFile; fileRef = F4A6DFF418BF78D10015F2E1 /* SystemConfiguration.framework */; };
		F4A6DFF718BF78E10015F2E1 /* MobileCoreServices.framework in Frameworks */ = {isa = PBXBuildFile; fileRef = F4A6DFF618BF78E10015F2E1 /* MobileCoreServices.framework */; };
		F4A6DFF918BF78F40015F2E1 /* libz.1.2.5.dylib in Frameworks */ = {isa = PBXBuildFile; fileRef = F4A6DFF818BF78F40015F2E1 /* libz.1.2.5.dylib */; };
		F4A6DFFB18BF7A0F0015F2E1 /* libxml2.2.dylib in Frameworks */ = {isa = PBXBuildFile; fileRef = F4A6DFFA18BF7A0F0015F2E1 /* libxml2.2.dylib */; };
		F4FD79DE18BE16FC00BC67B5 /* Foundation.framework in Frameworks */ = {isa = PBXBuildFile; fileRef = F4FD79DD18BE16FC00BC67B5 /* Foundation.framework */; };
		F4FD79E018BE16FC00BC67B5 /* CoreGraphics.framework in Frameworks */ = {isa = PBXBuildFile; fileRef = F4FD79DF18BE16FC00BC67B5 /* CoreGraphics.framework */; };
		F4FD79E218BE16FC00BC67B5 /* UIKit.framework in Frameworks */ = {isa = PBXBuildFile; fileRef = F4FD79E118BE16FC00BC67B5 /* UIKit.framework */; };
		F4FD79E818BE16FC00BC67B5 /* InfoPlist.strings in Resources */ = {isa = PBXBuildFile; fileRef = F4FD79E618BE16FC00BC67B5 /* InfoPlist.strings */; };
		F4FD79EA18BE16FC00BC67B5 /* main.m in Sources */ = {isa = PBXBuildFile; fileRef = F4FD79E918BE16FC00BC67B5 /* main.m */; };
		F4FD79EE18BE16FC00BC67B5 /* AppDelegate.m in Sources */ = {isa = PBXBuildFile; fileRef = F4FD79ED18BE16FC00BC67B5 /* AppDelegate.m */; };
		F4FD79F418BE16FC00BC67B5 /* FirstViewController.m in Sources */ = {isa = PBXBuildFile; fileRef = F4FD79F318BE16FC00BC67B5 /* FirstViewController.m */; };
		F4FD79F718BE16FC00BC67B5 /* SecondViewController.m in Sources */ = {isa = PBXBuildFile; fileRef = F4FD79F618BE16FC00BC67B5 /* SecondViewController.m */; };
		F4FD79F918BE16FC00BC67B5 /* Images.xcassets in Resources */ = {isa = PBXBuildFile; fileRef = F4FD79F818BE16FC00BC67B5 /* Images.xcassets */; };
		F4FD7A0018BE16FC00BC67B5 /* XCTest.framework in Frameworks */ = {isa = PBXBuildFile; fileRef = F4FD79FF18BE16FC00BC67B5 /* XCTest.framework */; };
		F4FD7A0118BE16FC00BC67B5 /* Foundation.framework in Frameworks */ = {isa = PBXBuildFile; fileRef = F4FD79DD18BE16FC00BC67B5 /* Foundation.framework */; };
		F4FD7A0218BE16FC00BC67B5 /* UIKit.framework in Frameworks */ = {isa = PBXBuildFile; fileRef = F4FD79E118BE16FC00BC67B5 /* UIKit.framework */; };
		F4FD7A0A18BE16FC00BC67B5 /* InfoPlist.strings in Resources */ = {isa = PBXBuildFile; fileRef = F4FD7A0818BE16FC00BC67B5 /* InfoPlist.strings */; };
		F4FD7A0C18BE16FC00BC67B5 /* SimpleDemoTests.m in Sources */ = {isa = PBXBuildFile; fileRef = F4FD7A0B18BE16FC00BC67B5 /* SimpleDemoTests.m */; };
/* End PBXBuildFile section */

/* Begin PBXContainerItemProxy section */
		F4FD7A0318BE16FC00BC67B5 /* PBXContainerItemProxy */ = {
			isa = PBXContainerItemProxy;
			containerPortal = F4FD79D218BE16FC00BC67B5 /* Project object */;
			proxyType = 1;
			remoteGlobalIDString = F4FD79D918BE16FC00BC67B5;
			remoteInfo = SimpleDemo;
		};
/* End PBXContainerItemProxy section */

/* Begin PBXFileReference section */
		AEA3720418BECFD2009567CB /* FirstViewController.xib */ = {isa = PBXFileReference; fileEncoding = 4; lastKnownFileType = file.xib; path = FirstViewController.xib; sourceTree = "<group>"; };
		AEA3720518BECFD2009567CB /* SecondViewController.xib */ = {isa = PBXFileReference; fileEncoding = 4; lastKnownFileType = file.xib; path = SecondViewController.xib; sourceTree = "<group>"; };
		AEA3720818BEE6FD009567CB /* EditViewController.h */ = {isa = PBXFileReference; fileEncoding = 4; lastKnownFileType = sourcecode.c.h; path = EditViewController.h; sourceTree = "<group>"; };
		AEA3720918BEE6FD009567CB /* EditViewController.m */ = {isa = PBXFileReference; fileEncoding = 4; lastKnownFileType = sourcecode.c.objc; path = EditViewController.m; sourceTree = "<group>"; };
		AEA3720A18BEE6FD009567CB /* EditViewController.xib */ = {isa = PBXFileReference; fileEncoding = 4; lastKnownFileType = file.xib; path = EditViewController.xib; sourceTree = "<group>"; };
		AEA3720D18BEE79F009567CB /* SearchViewController.h */ = {isa = PBXFileReference; fileEncoding = 4; lastKnownFileType = sourcecode.c.h; path = SearchViewController.h; sourceTree = "<group>"; };
		AEA3720E18BEE79F009567CB /* SearchViewController.m */ = {isa = PBXFileReference; fileEncoding = 4; lastKnownFileType = sourcecode.c.objc; path = SearchViewController.m; sourceTree = "<group>"; };
		AEA3720F18BEE79F009567CB /* SearchViewController.xib */ = {isa = PBXFileReference; fileEncoding = 4; lastKnownFileType = file.xib; path = SearchViewController.xib; sourceTree = "<group>"; };
		F4A6DF7618BF71B40015F2E1 /* ASIAuthenticationDialog.h */ = {isa = PBXFileReference; fileEncoding = 4; lastKnownFileType = sourcecode.c.h; path = ASIAuthenticationDialog.h; sourceTree = "<group>"; };
		F4A6DF7718BF71B40015F2E1 /* ASIAuthenticationDialog.m */ = {isa = PBXFileReference; fileEncoding = 4; lastKnownFileType = sourcecode.c.objc; path = ASIAuthenticationDialog.m; sourceTree = "<group>"; };
		F4A6DF7818BF71B40015F2E1 /* ASICacheDelegate.h */ = {isa = PBXFileReference; fileEncoding = 4; lastKnownFileType = sourcecode.c.h; path = ASICacheDelegate.h; sourceTree = "<group>"; };
		F4A6DF7918BF71B40015F2E1 /* ASIDataCompressor.h */ = {isa = PBXFileReference; fileEncoding = 4; lastKnownFileType = sourcecode.c.h; path = ASIDataCompressor.h; sourceTree = "<group>"; };
		F4A6DF7A18BF71B40015F2E1 /* ASIDataCompressor.m */ = {isa = PBXFileReference; fileEncoding = 4; lastKnownFileType = sourcecode.c.objc; path = ASIDataCompressor.m; sourceTree = "<group>"; };
		F4A6DF7B18BF71B40015F2E1 /* ASIDataDecompressor.h */ = {isa = PBXFileReference; fileEncoding = 4; lastKnownFileType = sourcecode.c.h; path = ASIDataDecompressor.h; sourceTree = "<group>"; };
		F4A6DF7C18BF71B40015F2E1 /* ASIDataDecompressor.m */ = {isa = PBXFileReference; fileEncoding = 4; lastKnownFileType = sourcecode.c.objc; path = ASIDataDecompressor.m; sourceTree = "<group>"; };
		F4A6DF7D18BF71B40015F2E1 /* ASIDownloadCache.h */ = {isa = PBXFileReference; fileEncoding = 4; lastKnownFileType = sourcecode.c.h; path = ASIDownloadCache.h; sourceTree = "<group>"; };
		F4A6DF7E18BF71B40015F2E1 /* ASIDownloadCache.m */ = {isa = PBXFileReference; fileEncoding = 4; lastKnownFileType = sourcecode.c.objc; path = ASIDownloadCache.m; sourceTree = "<group>"; };
		F4A6DF7F18BF71B40015F2E1 /* ASIFormDataRequest.h */ = {isa = PBXFileReference; fileEncoding = 4; lastKnownFileType = sourcecode.c.h; path = ASIFormDataRequest.h; sourceTree = "<group>"; };
		F4A6DF8018BF71B40015F2E1 /* ASIFormDataRequest.m */ = {isa = PBXFileReference; fileEncoding = 4; lastKnownFileType = sourcecode.c.objc; path = ASIFormDataRequest.m; sourceTree = "<group>"; };
		F4A6DF8118BF71B40015F2E1 /* ASIHTTPRequest.h */ = {isa = PBXFileReference; fileEncoding = 4; lastKnownFileType = sourcecode.c.h; path = ASIHTTPRequest.h; sourceTree = "<group>"; };
		F4A6DF8218BF71B40015F2E1 /* ASIHTTPRequest.m */ = {isa = PBXFileReference; fileEncoding = 4; lastKnownFileType = sourcecode.c.objc; path = ASIHTTPRequest.m; sourceTree = "<group>"; };
		F4A6DF8318BF71B40015F2E1 /* ASIHTTPRequestConfig.h */ = {isa = PBXFileReference; fileEncoding = 4; lastKnownFileType = sourcecode.c.h; path = ASIHTTPRequestConfig.h; sourceTree = "<group>"; };
		F4A6DF8418BF71B40015F2E1 /* ASIHTTPRequestDelegate.h */ = {isa = PBXFileReference; fileEncoding = 4; lastKnownFileType = sourcecode.c.h; path = ASIHTTPRequestDelegate.h; sourceTree = "<group>"; };
		F4A6DF8518BF71B40015F2E1 /* ASIInputStream.h */ = {isa = PBXFileReference; fileEncoding = 4; lastKnownFileType = sourcecode.c.h; path = ASIInputStream.h; sourceTree = "<group>"; };
		F4A6DF8618BF71B40015F2E1 /* ASIInputStream.m */ = {isa = PBXFileReference; fileEncoding = 4; lastKnownFileType = sourcecode.c.objc; path = ASIInputStream.m; sourceTree = "<group>"; };
		F4A6DF8718BF71B40015F2E1 /* ASINetworkQueue.h */ = {isa = PBXFileReference; fileEncoding = 4; lastKnownFileType = sourcecode.c.h; path = ASINetworkQueue.h; sourceTree = "<group>"; };
		F4A6DF8818BF71B40015F2E1 /* ASINetworkQueue.m */ = {isa = PBXFileReference; fileEncoding = 4; lastKnownFileType = sourcecode.c.objc; path = ASINetworkQueue.m; sourceTree = "<group>"; };
		F4A6DF8918BF71B40015F2E1 /* ASIProgressDelegate.h */ = {isa = PBXFileReference; fileEncoding = 4; lastKnownFileType = sourcecode.c.h; path = ASIProgressDelegate.h; sourceTree = "<group>"; };
		F4A6DF8E18BF71B40015F2E1 /* ASICloudFilesCDNRequest.h */ = {isa = PBXFileReference; fileEncoding = 4; lastKnownFileType = sourcecode.c.h; path = ASICloudFilesCDNRequest.h; sourceTree = "<group>"; };
		F4A6DF8F18BF71B40015F2E1 /* ASICloudFilesCDNRequest.m */ = {isa = PBXFileReference; fileEncoding = 4; lastKnownFileType = sourcecode.c.objc; path = ASICloudFilesCDNRequest.m; sourceTree = "<group>"; };
		F4A6DF9018BF71B40015F2E1 /* ASICloudFilesContainer.h */ = {isa = PBXFileReference; fileEncoding = 4; lastKnownFileType = sourcecode.c.h; path = ASICloudFilesContainer.h; sourceTree = "<group>"; };
		F4A6DF9118BF71B40015F2E1 /* ASICloudFilesContainer.m */ = {isa = PBXFileReference; fileEncoding = 4; lastKnownFileType = sourcecode.c.objc; path = ASICloudFilesContainer.m; sourceTree = "<group>"; };
		F4A6DF9218BF71B40015F2E1 /* ASICloudFilesContainerRequest.h */ = {isa = PBXFileReference; fileEncoding = 4; lastKnownFileType = sourcecode.c.h; path = ASICloudFilesContainerRequest.h; sourceTree = "<group>"; };
		F4A6DF9318BF71B40015F2E1 /* ASICloudFilesContainerRequest.m */ = {isa = PBXFileReference; fileEncoding = 4; lastKnownFileType = sourcecode.c.objc; path = ASICloudFilesContainerRequest.m; sourceTree = "<group>"; };
		F4A6DF9418BF71B40015F2E1 /* ASICloudFilesContainerXMLParserDelegate.h */ = {isa = PBXFileReference; fileEncoding = 4; lastKnownFileType = sourcecode.c.h; path = ASICloudFilesContainerXMLParserDelegate.h; sourceTree = "<group>"; };
		F4A6DF9518BF71B40015F2E1 /* ASICloudFilesContainerXMLParserDelegate.m */ = {isa = PBXFileReference; fileEncoding = 4; lastKnownFileType = sourcecode.c.objc; path = ASICloudFilesContainerXMLParserDelegate.m; sourceTree = "<group>"; };
		F4A6DF9618BF71B40015F2E1 /* ASICloudFilesObject.h */ = {isa = PBXFileReference; fileEncoding = 4; lastKnownFileType = sourcecode.c.h; path = ASICloudFilesObject.h; sourceTree = "<group>"; };
		F4A6DF9718BF71B40015F2E1 /* ASICloudFilesObject.m */ = {isa = PBXFileReference; fileEncoding = 4; lastKnownFileType = sourcecode.c.objc; path = ASICloudFilesObject.m; sourceTree = "<group>"; };
		F4A6DF9818BF71B40015F2E1 /* ASICloudFilesObjectRequest.h */ = {isa = PBXFileReference; fileEncoding = 4; lastKnownFileType = sourcecode.c.h; path = ASICloudFilesObjectRequest.h; sourceTree = "<group>"; };
		F4A6DF9918BF71B40015F2E1 /* ASICloudFilesObjectRequest.m */ = {isa = PBXFileReference; fileEncoding = 4; lastKnownFileType = sourcecode.c.objc; path = ASICloudFilesObjectRequest.m; sourceTree = "<group>"; };
		F4A6DF9A18BF71B40015F2E1 /* ASICloudFilesRequest.h */ = {isa = PBXFileReference; fileEncoding = 4; lastKnownFileType = sourcecode.c.h; path = ASICloudFilesRequest.h; sourceTree = "<group>"; };
		F4A6DF9B18BF71B40015F2E1 /* ASICloudFilesRequest.m */ = {isa = PBXFileReference; fileEncoding = 4; lastKnownFileType = sourcecode.c.objc; path = ASICloudFilesRequest.m; sourceTree = "<group>"; };
		F4A6DF9D18BF71B40015F2E1 /* ASINSXMLParserCompat.h */ = {isa = PBXFileReference; fileEncoding = 4; lastKnownFileType = sourcecode.c.h; path = ASINSXMLParserCompat.h; sourceTree = "<group>"; };
		F4A6DF9E18BF71B40015F2E1 /* ASIS3Bucket.h */ = {isa = PBXFileReference; fileEncoding = 4; lastKnownFileType = sourcecode.c.h; path = ASIS3Bucket.h; sourceTree = "<group>"; };
		F4A6DF9F18BF71B40015F2E1 /* ASIS3Bucket.m */ = {isa = PBXFileReference; fileEncoding = 4; lastKnownFileType = sourcecode.c.objc; path = ASIS3Bucket.m; sourceTree = "<group>"; };
		F4A6DFA018BF71B40015F2E1 /* ASIS3BucketObject.h */ = {isa = PBXFileReference; fileEncoding = 4; lastKnownFileType = sourcecode.c.h; path = ASIS3BucketObject.h; sourceTree = "<group>"; };
		F4A6DFA118BF71B40015F2E1 /* ASIS3BucketObject.m */ = {isa = PBXFileReference; fileEncoding = 4; lastKnownFileType = sourcecode.c.objc; path = ASIS3BucketObject.m; sourceTree = "<group>"; };
		F4A6DFA218BF71B40015F2E1 /* ASIS3BucketRequest.h */ = {isa = PBXFileReference; fileEncoding = 4; lastKnownFileType = sourcecode.c.h; path = ASIS3BucketRequest.h; sourceTree = "<group>"; };
		F4A6DFA318BF71B40015F2E1 /* ASIS3BucketRequest.m */ = {isa = PBXFileReference; fileEncoding = 4; lastKnownFileType = sourcecode.c.objc; path = ASIS3BucketRequest.m; sourceTree = "<group>"; };
		F4A6DFA418BF71B40015F2E1 /* ASIS3ObjectRequest.h */ = {isa = PBXFileReference; fileEncoding = 4; lastKnownFileType = sourcecode.c.h; path = ASIS3ObjectRequest.h; sourceTree = "<group>"; };
		F4A6DFA518BF71B40015F2E1 /* ASIS3ObjectRequest.m */ = {isa = PBXFileReference; fileEncoding = 4; lastKnownFileType = sourcecode.c.objc; path = ASIS3ObjectRequest.m; sourceTree = "<group>"; };
		F4A6DFA618BF71B40015F2E1 /* ASIS3Request.h */ = {isa = PBXFileReference; fileEncoding = 4; lastKnownFileType = sourcecode.c.h; path = ASIS3Request.h; sourceTree = "<group>"; };
		F4A6DFA718BF71B40015F2E1 /* ASIS3Request.m */ = {isa = PBXFileReference; fileEncoding = 4; lastKnownFileType = sourcecode.c.objc; path = ASIS3Request.m; sourceTree = "<group>"; };
		F4A6DFA818BF71B40015F2E1 /* ASIS3ServiceRequest.h */ = {isa = PBXFileReference; fileEncoding = 4; lastKnownFileType = sourcecode.c.h; path = ASIS3ServiceRequest.h; sourceTree = "<group>"; };
		F4A6DFA918BF71B40015F2E1 /* ASIS3ServiceRequest.m */ = {isa = PBXFileReference; fileEncoding = 4; lastKnownFileType = sourcecode.c.objc; path = ASIS3ServiceRequest.m; sourceTree = "<group>"; };
		F4A6DFED18BF75240015F2E1 /* DataProvider.h */ = {isa = PBXFileReference; fileEncoding = 4; lastKnownFileType = sourcecode.c.h; path = DataProvider.h; sourceTree = "<group>"; };
		F4A6DFEE18BF75240015F2E1 /* DataProvider.m */ = {isa = PBXFileReference; fileEncoding = 4; lastKnownFileType = sourcecode.c.objc; path = DataProvider.m; sourceTree = "<group>"; };
		F4A6DFF118BF78A20015F2E1 /* Reachability.h */ = {isa = PBXFileReference; fileEncoding = 4; lastKnownFileType = sourcecode.c.h; path = Reachability.h; sourceTree = "<group>"; };
		F4A6DFF218BF78A20015F2E1 /* Reachability.m */ = {isa = PBXFileReference; fileEncoding = 4; lastKnownFileType = sourcecode.c.objc; path = Reachability.m; sourceTree = "<group>"; };
		F4A6DFF418BF78D10015F2E1 /* SystemConfiguration.framework */ = {isa = PBXFileReference; lastKnownFileType = wrapper.framework; name = SystemConfiguration.framework; path = System/Library/Frameworks/SystemConfiguration.framework; sourceTree = SDKROOT; };
		F4A6DFF618BF78E10015F2E1 /* MobileCoreServices.framework */ = {isa = PBXFileReference; lastKnownFileType = wrapper.framework; name = MobileCoreServices.framework; path = System/Library/Frameworks/MobileCoreServices.framework; sourceTree = SDKROOT; };
		F4A6DFF818BF78F40015F2E1 /* libz.1.2.5.dylib */ = {isa = PBXFileReference; lastKnownFileType = "compiled.mach-o.dylib"; name = libz.1.2.5.dylib; path = usr/lib/libz.1.2.5.dylib; sourceTree = SDKROOT; };
		F4A6DFFA18BF7A0F0015F2E1 /* libxml2.2.dylib */ = {isa = PBXFileReference; lastKnownFileType = "compiled.mach-o.dylib"; name = libxml2.2.dylib; path = usr/lib/libxml2.2.dylib; sourceTree = SDKROOT; };
		F4FD79DA18BE16FC00BC67B5 /* SimpleDemo.app */ = {isa = PBXFileReference; explicitFileType = wrapper.application; includeInIndex = 0; path = SimpleDemo.app; sourceTree = BUILT_PRODUCTS_DIR; };
		F4FD79DD18BE16FC00BC67B5 /* Foundation.framework */ = {isa = PBXFileReference; lastKnownFileType = wrapper.framework; name = Foundation.framework; path = System/Library/Frameworks/Foundation.framework; sourceTree = SDKROOT; };
		F4FD79DF18BE16FC00BC67B5 /* CoreGraphics.framework */ = {isa = PBXFileReference; lastKnownFileType = wrapper.framework; name = CoreGraphics.framework; path = System/Library/Frameworks/CoreGraphics.framework; sourceTree = SDKROOT; };
		F4FD79E118BE16FC00BC67B5 /* UIKit.framework */ = {isa = PBXFileReference; lastKnownFileType = wrapper.framework; name = UIKit.framework; path = System/Library/Frameworks/UIKit.framework; sourceTree = SDKROOT; };
		F4FD79E518BE16FC00BC67B5 /* SimpleDemo-Info.plist */ = {isa = PBXFileReference; lastKnownFileType = text.plist.xml; path = "SimpleDemo-Info.plist"; sourceTree = "<group>"; };
		F4FD79E718BE16FC00BC67B5 /* en */ = {isa = PBXFileReference; lastKnownFileType = text.plist.strings; name = en; path = en.lproj/InfoPlist.strings; sourceTree = "<group>"; };
		F4FD79E918BE16FC00BC67B5 /* main.m */ = {isa = PBXFileReference; lastKnownFileType = sourcecode.c.objc; path = main.m; sourceTree = "<group>"; };
		F4FD79EB18BE16FC00BC67B5 /* SimpleDemo-Prefix.pch */ = {isa = PBXFileReference; lastKnownFileType = sourcecode.c.h; path = "SimpleDemo-Prefix.pch"; sourceTree = "<group>"; };
		F4FD79EC18BE16FC00BC67B5 /* AppDelegate.h */ = {isa = PBXFileReference; lastKnownFileType = sourcecode.c.h; path = AppDelegate.h; sourceTree = "<group>"; };
		F4FD79ED18BE16FC00BC67B5 /* AppDelegate.m */ = {isa = PBXFileReference; lastKnownFileType = sourcecode.c.objc; path = AppDelegate.m; sourceTree = "<group>"; };
		F4FD79F218BE16FC00BC67B5 /* FirstViewController.h */ = {isa = PBXFileReference; lastKnownFileType = sourcecode.c.h; path = FirstViewController.h; sourceTree = "<group>"; };
		F4FD79F318BE16FC00BC67B5 /* FirstViewController.m */ = {isa = PBXFileReference; lastKnownFileType = sourcecode.c.objc; path = FirstViewController.m; sourceTree = "<group>"; };
		F4FD79F518BE16FC00BC67B5 /* SecondViewController.h */ = {isa = PBXFileReference; lastKnownFileType = sourcecode.c.h; path = SecondViewController.h; sourceTree = "<group>"; };
		F4FD79F618BE16FC00BC67B5 /* SecondViewController.m */ = {isa = PBXFileReference; lastKnownFileType = sourcecode.c.objc; path = SecondViewController.m; sourceTree = "<group>"; };
		F4FD79F818BE16FC00BC67B5 /* Images.xcassets */ = {isa = PBXFileReference; lastKnownFileType = folder.assetcatalog; path = Images.xcassets; sourceTree = "<group>"; };
		F4FD79FE18BE16FC00BC67B5 /* SimpleDemoTests.xctest */ = {isa = PBXFileReference; explicitFileType = wrapper.cfbundle; includeInIndex = 0; path = SimpleDemoTests.xctest; sourceTree = BUILT_PRODUCTS_DIR; };
		F4FD79FF18BE16FC00BC67B5 /* XCTest.framework */ = {isa = PBXFileReference; lastKnownFileType = wrapper.framework; name = XCTest.framework; path = Library/Frameworks/XCTest.framework; sourceTree = DEVELOPER_DIR; };
		F4FD7A0718BE16FC00BC67B5 /* SimpleDemoTests-Info.plist */ = {isa = PBXFileReference; lastKnownFileType = text.plist.xml; path = "SimpleDemoTests-Info.plist"; sourceTree = "<group>"; };
		F4FD7A0918BE16FC00BC67B5 /* en */ = {isa = PBXFileReference; lastKnownFileType = text.plist.strings; name = en; path = en.lproj/InfoPlist.strings; sourceTree = "<group>"; };
		F4FD7A0B18BE16FC00BC67B5 /* SimpleDemoTests.m */ = {isa = PBXFileReference; lastKnownFileType = sourcecode.c.objc; path = SimpleDemoTests.m; sourceTree = "<group>"; };
/* End PBXFileReference section */

/* Begin PBXFrameworksBuildPhase section */
		F4FD79D718BE16FC00BC67B5 /* Frameworks */ = {
			isa = PBXFrameworksBuildPhase;
			buildActionMask = 2147483647;
			files = (
				F4A6DFFB18BF7A0F0015F2E1 /* libxml2.2.dylib in Frameworks */,
				F4A6DFF918BF78F40015F2E1 /* libz.1.2.5.dylib in Frameworks */,
				F4A6DFF718BF78E10015F2E1 /* MobileCoreServices.framework in Frameworks */,
				F4A6DFF518BF78D10015F2E1 /* SystemConfiguration.framework in Frameworks */,
				F4FD79E018BE16FC00BC67B5 /* CoreGraphics.framework in Frameworks */,
				F4FD79E218BE16FC00BC67B5 /* UIKit.framework in Frameworks */,
				F4FD79DE18BE16FC00BC67B5 /* Foundation.framework in Frameworks */,
			);
			runOnlyForDeploymentPostprocessing = 0;
		};
		F4FD79FB18BE16FC00BC67B5 /* Frameworks */ = {
			isa = PBXFrameworksBuildPhase;
			buildActionMask = 2147483647;
			files = (
				F4FD7A0018BE16FC00BC67B5 /* XCTest.framework in Frameworks */,
				F4FD7A0218BE16FC00BC67B5 /* UIKit.framework in Frameworks */,
				F4FD7A0118BE16FC00BC67B5 /* Foundation.framework in Frameworks */,
			);
			runOnlyForDeploymentPostprocessing = 0;
		};
/* End PBXFrameworksBuildPhase section */

/* Begin PBXGroup section */
		F4A6DF7518BF71B40015F2E1 /* ASIHttpRequest */ = {
			isa = PBXGroup;
			children = (
				F4A6DF7618BF71B40015F2E1 /* ASIAuthenticationDialog.h */,
				F4A6DF7718BF71B40015F2E1 /* ASIAuthenticationDialog.m */,
				F4A6DF7818BF71B40015F2E1 /* ASICacheDelegate.h */,
				F4A6DF7918BF71B40015F2E1 /* ASIDataCompressor.h */,
				F4A6DF7A18BF71B40015F2E1 /* ASIDataCompressor.m */,
				F4A6DF7B18BF71B40015F2E1 /* ASIDataDecompressor.h */,
				F4A6DF7C18BF71B40015F2E1 /* ASIDataDecompressor.m */,
				F4A6DF7D18BF71B40015F2E1 /* ASIDownloadCache.h */,
				F4A6DF7E18BF71B40015F2E1 /* ASIDownloadCache.m */,
				F4A6DF7F18BF71B40015F2E1 /* ASIFormDataRequest.h */,
				F4A6DF8018BF71B40015F2E1 /* ASIFormDataRequest.m */,
				F4A6DF8118BF71B40015F2E1 /* ASIHTTPRequest.h */,
				F4A6DF8218BF71B40015F2E1 /* ASIHTTPRequest.m */,
				F4A6DF8318BF71B40015F2E1 /* ASIHTTPRequestConfig.h */,
				F4A6DF8418BF71B40015F2E1 /* ASIHTTPRequestDelegate.h */,
				F4A6DF8518BF71B40015F2E1 /* ASIInputStream.h */,
				F4A6DF8618BF71B40015F2E1 /* ASIInputStream.m */,
				F4A6DF8718BF71B40015F2E1 /* ASINetworkQueue.h */,
				F4A6DF8818BF71B40015F2E1 /* ASINetworkQueue.m */,
				F4A6DF8918BF71B40015F2E1 /* ASIProgressDelegate.h */,
				F4A6DF8D18BF71B40015F2E1 /* CloudFiles */,
				F4A6DF9C18BF71B40015F2E1 /* S3 */,
				F4A6DFF018BF78A20015F2E1 /* Reachability */,
			);
			path = ASIHttpRequest;
			sourceTree = "<group>";
		};
		F4A6DF8D18BF71B40015F2E1 /* CloudFiles */ = {
			isa = PBXGroup;
			children = (
				F4A6DF8E18BF71B40015F2E1 /* ASICloudFilesCDNRequest.h */,
				F4A6DF8F18BF71B40015F2E1 /* ASICloudFilesCDNRequest.m */,
				F4A6DF9018BF71B40015F2E1 /* ASICloudFilesContainer.h */,
				F4A6DF9118BF71B40015F2E1 /* ASICloudFilesContainer.m */,
				F4A6DF9218BF71B40015F2E1 /* ASICloudFilesContainerRequest.h */,
				F4A6DF9318BF71B40015F2E1 /* ASICloudFilesContainerRequest.m */,
				F4A6DF9418BF71B40015F2E1 /* ASICloudFilesContainerXMLParserDelegate.h */,
				F4A6DF9518BF71B40015F2E1 /* ASICloudFilesContainerXMLParserDelegate.m */,
				F4A6DF9618BF71B40015F2E1 /* ASICloudFilesObject.h */,
				F4A6DF9718BF71B40015F2E1 /* ASICloudFilesObject.m */,
				F4A6DF9818BF71B40015F2E1 /* ASICloudFilesObjectRequest.h */,
				F4A6DF9918BF71B40015F2E1 /* ASICloudFilesObjectRequest.m */,
				F4A6DF9A18BF71B40015F2E1 /* ASICloudFilesRequest.h */,
				F4A6DF9B18BF71B40015F2E1 /* ASICloudFilesRequest.m */,
			);
			path = CloudFiles;
			sourceTree = "<group>";
		};
		F4A6DF9C18BF71B40015F2E1 /* S3 */ = {
			isa = PBXGroup;
			children = (
				F4A6DF9D18BF71B40015F2E1 /* ASINSXMLParserCompat.h */,
				F4A6DF9E18BF71B40015F2E1 /* ASIS3Bucket.h */,
				F4A6DF9F18BF71B40015F2E1 /* ASIS3Bucket.m */,
				F4A6DFA018BF71B40015F2E1 /* ASIS3BucketObject.h */,
				F4A6DFA118BF71B40015F2E1 /* ASIS3BucketObject.m */,
				F4A6DFA218BF71B40015F2E1 /* ASIS3BucketRequest.h */,
				F4A6DFA318BF71B40015F2E1 /* ASIS3BucketRequest.m */,
				F4A6DFA418BF71B40015F2E1 /* ASIS3ObjectRequest.h */,
				F4A6DFA518BF71B40015F2E1 /* ASIS3ObjectRequest.m */,
				F4A6DFA618BF71B40015F2E1 /* ASIS3Request.h */,
				F4A6DFA718BF71B40015F2E1 /* ASIS3Request.m */,
				F4A6DFA818BF71B40015F2E1 /* ASIS3ServiceRequest.h */,
				F4A6DFA918BF71B40015F2E1 /* ASIS3ServiceRequest.m */,
			);
			path = S3;
			sourceTree = "<group>";
		};
		F4A6DFF018BF78A20015F2E1 /* Reachability */ = {
			isa = PBXGroup;
			children = (
				F4A6DFF118BF78A20015F2E1 /* Reachability.h */,
				F4A6DFF218BF78A20015F2E1 /* Reachability.m */,
			);
			path = Reachability;
			sourceTree = "<group>";
		};
		F4FD79D118BE16FC00BC67B5 = {
			isa = PBXGroup;
			children = (
				F4FD79E318BE16FC00BC67B5 /* SimpleDemo */,
				F4FD7A0518BE16FC00BC67B5 /* SimpleDemoTests */,
				F4FD79DC18BE16FC00BC67B5 /* Frameworks */,
				F4FD79DB18BE16FC00BC67B5 /* Products */,
			);
			sourceTree = "<group>";
		};
		F4FD79DB18BE16FC00BC67B5 /* Products */ = {
			isa = PBXGroup;
			children = (
				F4FD79DA18BE16FC00BC67B5 /* SimpleDemo.app */,
				F4FD79FE18BE16FC00BC67B5 /* SimpleDemoTests.xctest */,
			);
			name = Products;
			sourceTree = "<group>";
		};
		F4FD79DC18BE16FC00BC67B5 /* Frameworks */ = {
			isa = PBXGroup;
			children = (
				F4A6DFFA18BF7A0F0015F2E1 /* libxml2.2.dylib */,
				F4A6DFF818BF78F40015F2E1 /* libz.1.2.5.dylib */,
				F4A6DFF618BF78E10015F2E1 /* MobileCoreServices.framework */,
				F4A6DFF418BF78D10015F2E1 /* SystemConfiguration.framework */,
				F4FD79DD18BE16FC00BC67B5 /* Foundation.framework */,
				F4FD79DF18BE16FC00BC67B5 /* CoreGraphics.framework */,
				F4FD79E118BE16FC00BC67B5 /* UIKit.framework */,
				F4FD79FF18BE16FC00BC67B5 /* XCTest.framework */,
			);
			name = Frameworks;
			sourceTree = "<group>";
		};
		F4FD79E318BE16FC00BC67B5 /* SimpleDemo */ = {
			isa = PBXGroup;
			children = (
				F4A6DF7518BF71B40015F2E1 /* ASIHttpRequest */,
				F4FD79EC18BE16FC00BC67B5 /* AppDelegate.h */,
				F4FD79ED18BE16FC00BC67B5 /* AppDelegate.m */,
				F4FD79F218BE16FC00BC67B5 /* FirstViewController.h */,
				F4FD79F318BE16FC00BC67B5 /* FirstViewController.m */,
				AEA3720418BECFD2009567CB /* FirstViewController.xib */,
				AEA3720818BEE6FD009567CB /* EditViewController.h */,
				AEA3720918BEE6FD009567CB /* EditViewController.m */,
				AEA3720A18BEE6FD009567CB /* EditViewController.xib */,
				AEA3720D18BEE79F009567CB /* SearchViewController.h */,
				AEA3720E18BEE79F009567CB /* SearchViewController.m */,
				AEA3720F18BEE79F009567CB /* SearchViewController.xib */,
				F4FD79F518BE16FC00BC67B5 /* SecondViewController.h */,
				F4FD79F618BE16FC00BC67B5 /* SecondViewController.m */,
				AEA3720518BECFD2009567CB /* SecondViewController.xib */,
				F4FD79F818BE16FC00BC67B5 /* Images.xcassets */,
				F4FD79E418BE16FC00BC67B5 /* Supporting Files */,
				F4A6DFED18BF75240015F2E1 /* DataProvider.h */,
				F4A6DFEE18BF75240015F2E1 /* DataProvider.m */,
			);
			path = SimpleDemo;
			sourceTree = "<group>";
		};
		F4FD79E418BE16FC00BC67B5 /* Supporting Files */ = {
			isa = PBXGroup;
			children = (
				F4FD79E518BE16FC00BC67B5 /* SimpleDemo-Info.plist */,
				F4FD79E618BE16FC00BC67B5 /* InfoPlist.strings */,
				F4FD79E918BE16FC00BC67B5 /* main.m */,
				F4FD79EB18BE16FC00BC67B5 /* SimpleDemo-Prefix.pch */,
			);
			name = "Supporting Files";
			sourceTree = "<group>";
		};
		F4FD7A0518BE16FC00BC67B5 /* SimpleDemoTests */ = {
			isa = PBXGroup;
			children = (
				F4FD7A0B18BE16FC00BC67B5 /* SimpleDemoTests.m */,
				F4FD7A0618BE16FC00BC67B5 /* Supporting Files */,
			);
			path = SimpleDemoTests;
			sourceTree = "<group>";
		};
		F4FD7A0618BE16FC00BC67B5 /* Supporting Files */ = {
			isa = PBXGroup;
			children = (
				F4FD7A0718BE16FC00BC67B5 /* SimpleDemoTests-Info.plist */,
				F4FD7A0818BE16FC00BC67B5 /* InfoPlist.strings */,
			);
			name = "Supporting Files";
			sourceTree = "<group>";
		};
/* End PBXGroup section */

/* Begin PBXNativeTarget section */
		F4FD79D918BE16FC00BC67B5 /* SimpleDemo */ = {
			isa = PBXNativeTarget;
			buildConfigurationList = F4FD7A0F18BE16FC00BC67B5 /* Build configuration list for PBXNativeTarget "SimpleDemo" */;
			buildPhases = (
				F4FD79D618BE16FC00BC67B5 /* Sources */,
				F4FD79D718BE16FC00BC67B5 /* Frameworks */,
				F4FD79D818BE16FC00BC67B5 /* Resources */,
			);
			buildRules = (
			);
			dependencies = (
			);
			name = SimpleDemo;
			productName = SimpleDemo;
			productReference = F4FD79DA18BE16FC00BC67B5 /* SimpleDemo.app */;
			productType = "com.apple.product-type.application";
		};
		F4FD79FD18BE16FC00BC67B5 /* SimpleDemoTests */ = {
			isa = PBXNativeTarget;
			buildConfigurationList = F4FD7A1218BE16FC00BC67B5 /* Build configuration list for PBXNativeTarget "SimpleDemoTests" */;
			buildPhases = (
				F4FD79FA18BE16FC00BC67B5 /* Sources */,
				F4FD79FB18BE16FC00BC67B5 /* Frameworks */,
				F4FD79FC18BE16FC00BC67B5 /* Resources */,
			);
			buildRules = (
			);
			dependencies = (
				F4FD7A0418BE16FC00BC67B5 /* PBXTargetDependency */,
			);
			name = SimpleDemoTests;
			productName = SimpleDemoTests;
			productReference = F4FD79FE18BE16FC00BC67B5 /* SimpleDemoTests.xctest */;
			productType = "com.apple.product-type.bundle.unit-test";
		};
/* End PBXNativeTarget section */

/* Begin PBXProject section */
		F4FD79D218BE16FC00BC67B5 /* Project object */ = {
			isa = PBXProject;
			attributes = {
				LastUpgradeCheck = 0500;
				ORGANIZATIONNAME = zorro;
				TargetAttributes = {
					F4FD79FD18BE16FC00BC67B5 = {
						TestTargetID = F4FD79D918BE16FC00BC67B5;
					};
				};
			};
			buildConfigurationList = F4FD79D518BE16FC00BC67B5 /* Build configuration list for PBXProject "SimpleDemo" */;
			compatibilityVersion = "Xcode 3.2";
			developmentRegion = English;
			hasScannedForEncodings = 0;
			knownRegions = (
				en,
				Base,
			);
			mainGroup = F4FD79D118BE16FC00BC67B5;
			productRefGroup = F4FD79DB18BE16FC00BC67B5 /* Products */;
			projectDirPath = "";
			projectRoot = "";
			targets = (
				F4FD79D918BE16FC00BC67B5 /* SimpleDemo */,
				F4FD79FD18BE16FC00BC67B5 /* SimpleDemoTests */,
			);
		};
/* End PBXProject section */

/* Begin PBXResourcesBuildPhase section */
		F4FD79D818BE16FC00BC67B5 /* Resources */ = {
			isa = PBXResourcesBuildPhase;
			buildActionMask = 2147483647;
			files = (
				AEA3720718BECFD2009567CB /* SecondViewController.xib in Resources */,
				F4FD79F918BE16FC00BC67B5 /* Images.xcassets in Resources */,
				AEA3721118BEE79F009567CB /* SearchViewController.xib in Resources */,
				AEA3720C18BEE6FD009567CB /* EditViewController.xib in Resources */,
				AEA3720618BECFD2009567CB /* FirstViewController.xib in Resources */,
				F4FD79E818BE16FC00BC67B5 /* InfoPlist.strings in Resources */,
			);
			runOnlyForDeploymentPostprocessing = 0;
		};
		F4FD79FC18BE16FC00BC67B5 /* Resources */ = {
			isa = PBXResourcesBuildPhase;
			buildActionMask = 2147483647;
			files = (
				F4FD7A0A18BE16FC00BC67B5 /* InfoPlist.strings in Resources */,
			);
			runOnlyForDeploymentPostprocessing = 0;
		};
/* End PBXResourcesBuildPhase section */

/* Begin PBXSourcesBuildPhase section */
		F4FD79D618BE16FC00BC67B5 /* Sources */ = {
			isa = PBXSourcesBuildPhase;
			buildActionMask = 2147483647;
			files = (
				F4FD79F718BE16FC00BC67B5 /* SecondViewController.m in Sources */,
				F4A6DFD518BF71B40015F2E1 /* ASICloudFilesObject.m in Sources */,
				F4A6DFCE18BF71B40015F2E1 /* ASIInputStream.m in Sources */,
				F4A6DFF318BF78A20015F2E1 /* Reachability.m in Sources */,
				F4A6DFDB18BF71B40015F2E1 /* ASIS3ObjectRequest.m in Sources */,
				F4FD79EE18BE16FC00BC67B5 /* AppDelegate.m in Sources */,
				F4A6DFCB18BF71B40015F2E1 /* ASIDownloadCache.m in Sources */,
				F4A6DFC918BF71B40015F2E1 /* ASIDataCompressor.m in Sources */,
				F4FD79F418BE16FC00BC67B5 /* FirstViewController.m in Sources */,
				F4A6DFCD18BF71B40015F2E1 /* ASIHTTPRequest.m in Sources */,
				F4A6DFD718BF71B40015F2E1 /* ASICloudFilesRequest.m in Sources */,
				F4FD79EA18BE16FC00BC67B5 /* main.m in Sources */,
				F4A6DFD118BF71B40015F2E1 /* ASICloudFilesCDNRequest.m in Sources */,
				F4A6DFCA18BF71B40015F2E1 /* ASIDataDecompressor.m in Sources */,
				F4A6DFD618BF71B40015F2E1 /* ASICloudFilesObjectRequest.m in Sources */,
				F4A6DFDA18BF71B40015F2E1 /* ASIS3BucketRequest.m in Sources */,
				AEA3721018BEE79F009567CB /* SearchViewController.m in Sources */,
				F4A6DFDC18BF71B40015F2E1 /* ASIS3Request.m in Sources */,
				F4A6DFEF18BF75240015F2E1 /* DataProvider.m in Sources */,
				F4A6DFCF18BF71B40015F2E1 /* ASINetworkQueue.m in Sources */,
				F4A6DFD418BF71B40015F2E1 /* ASICloudFilesContainerXMLParserDelegate.m in Sources */,
				F4A6DFD318BF71B40015F2E1 /* ASICloudFilesContainerRequest.m in Sources */,
				F4A6DFD218BF71B40015F2E1 /* ASICloudFilesContainer.m in Sources */,
				F4A6DFC818BF71B40015F2E1 /* ASIAuthenticationDialog.m in Sources */,
				F4A6DFD818BF71B40015F2E1 /* ASIS3Bucket.m in Sources */,
				F4A6DFCC18BF71B40015F2E1 /* ASIFormDataRequest.m in Sources */,
				F4A6DFDD18BF71B40015F2E1 /* ASIS3ServiceRequest.m in Sources */,
				F4A6DFD918BF71B40015F2E1 /* ASIS3BucketObject.m in Sources */,
				AEA3720B18BEE6FD009567CB /* EditViewController.m in Sources */,
			);
			runOnlyForDeploymentPostprocessing = 0;
		};
		F4FD79FA18BE16FC00BC67B5 /* Sources */ = {
			isa = PBXSourcesBuildPhase;
			buildActionMask = 2147483647;
			files = (
				F4FD7A0C18BE16FC00BC67B5 /* SimpleDemoTests.m in Sources */,
			);
			runOnlyForDeploymentPostprocessing = 0;
		};
/* End PBXSourcesBuildPhase section */

/* Begin PBXTargetDependency section */
		F4FD7A0418BE16FC00BC67B5 /* PBXTargetDependency */ = {
			isa = PBXTargetDependency;
			target = F4FD79D918BE16FC00BC67B5 /* SimpleDemo */;
			targetProxy = F4FD7A0318BE16FC00BC67B5 /* PBXContainerItemProxy */;
		};
/* End PBXTargetDependency section */

/* Begin PBXVariantGroup section */
		F4FD79E618BE16FC00BC67B5 /* InfoPlist.strings */ = {
			isa = PBXVariantGroup;
			children = (
				F4FD79E718BE16FC00BC67B5 /* en */,
			);
			name = InfoPlist.strings;
			sourceTree = "<group>";
		};
		F4FD7A0818BE16FC00BC67B5 /* InfoPlist.strings */ = {
			isa = PBXVariantGroup;
			children = (
				F4FD7A0918BE16FC00BC67B5 /* en */,
			);
			name = InfoPlist.strings;
			sourceTree = "<group>";
		};
/* End PBXVariantGroup section */

/* Begin XCBuildConfiguration section */
		F4FD7A0D18BE16FC00BC67B5 /* Debug */ = {
			isa = XCBuildConfiguration;
			buildSettings = {
				ALWAYS_SEARCH_USER_PATHS = NO;
				ARCHS = "$(ARCHS_STANDARD_INCLUDING_64_BIT)";
				CLANG_CXX_LANGUAGE_STANDARD = "gnu++0x";
				CLANG_CXX_LIBRARY = "libc++";
				CLANG_ENABLE_MODULES = YES;
				CLANG_ENABLE_OBJC_ARC = YES;
				CLANG_WARN_BOOL_CONVERSION = YES;
				CLANG_WARN_CONSTANT_CONVERSION = YES;
				CLANG_WARN_DIRECT_OBJC_ISA_USAGE = YES_ERROR;
				CLANG_WARN_EMPTY_BODY = YES;
				CLANG_WARN_ENUM_CONVERSION = YES;
				CLANG_WARN_INT_CONVERSION = YES;
				CLANG_WARN_OBJC_ROOT_CLASS = YES_ERROR;
				CLANG_WARN__DUPLICATE_METHOD_MATCH = YES;
				CODE_SIGN_IDENTITY = "iPhone Developer: Eddie Zhang (9D6E4LS4WU)";
				"CODE_SIGN_IDENTITY[sdk=iphoneos*]" = "iPhone Developer: Eddie Zhang (9D6E4LS4WU)";
				COPY_PHASE_STRIP = NO;
				GCC_C_LANGUAGE_STANDARD = gnu99;
				GCC_DYNAMIC_NO_PIC = NO;
				GCC_OPTIMIZATION_LEVEL = 0;
				GCC_PREPROCESSOR_DEFINITIONS = (
					"DEBUG=1",
					"$(inherited)",
				);
				GCC_SYMBOLS_PRIVATE_EXTERN = NO;
				GCC_WARN_64_TO_32_BIT_CONVERSION = YES;
				GCC_WARN_ABOUT_RETURN_TYPE = YES_ERROR;
				GCC_WARN_UNDECLARED_SELECTOR = YES;
				GCC_WARN_UNINITIALIZED_AUTOS = YES;
				GCC_WARN_UNUSED_FUNCTION = YES;
				GCC_WARN_UNUSED_VARIABLE = YES;
				IPHONEOS_DEPLOYMENT_TARGET = 6.0;
				ONLY_ACTIVE_ARCH = YES;
				SDKROOT = iphoneos;
				VALID_ARCHS = armv7;
			};
			name = Debug;
		};
		F4FD7A0E18BE16FC00BC67B5 /* Release */ = {
			isa = XCBuildConfiguration;
			buildSettings = {
				ALWAYS_SEARCH_USER_PATHS = NO;
				ARCHS = "$(ARCHS_STANDARD_INCLUDING_64_BIT)";
				CLANG_CXX_LANGUAGE_STANDARD = "gnu++0x";
				CLANG_CXX_LIBRARY = "libc++";
				CLANG_ENABLE_MODULES = YES;
				CLANG_ENABLE_OBJC_ARC = YES;
				CLANG_WARN_BOOL_CONVERSION = YES;
				CLANG_WARN_CONSTANT_CONVERSION = YES;
				CLANG_WARN_DIRECT_OBJC_ISA_USAGE = YES_ERROR;
				CLANG_WARN_EMPTY_BODY = YES;
				CLANG_WARN_ENUM_CONVERSION = YES;
				CLANG_WARN_INT_CONVERSION = YES;
				CLANG_WARN_OBJC_ROOT_CLASS = YES_ERROR;
				CLANG_WARN__DUPLICATE_METHOD_MATCH = YES;
				CODE_SIGN_IDENTITY = "iPhone Developer: Eddie Zhang (9D6E4LS4WU)";
				"CODE_SIGN_IDENTITY[sdk=iphoneos*]" = "iPhone Developer: Eddie Zhang (9D6E4LS4WU)";
				COPY_PHASE_STRIP = YES;
				ENABLE_NS_ASSERTIONS = NO;
				GCC_C_LANGUAGE_STANDARD = gnu99;
				GCC_WARN_64_TO_32_BIT_CONVERSION = YES;
				GCC_WARN_ABOUT_RETURN_TYPE = YES_ERROR;
				GCC_WARN_UNDECLARED_SELECTOR = YES;
				GCC_WARN_UNINITIALIZED_AUTOS = YES;
				GCC_WARN_UNUSED_FUNCTION = YES;
				GCC_WARN_UNUSED_VARIABLE = YES;
				IPHONEOS_DEPLOYMENT_TARGET = 6.0;
				SDKROOT = iphoneos;
				VALIDATE_PRODUCT = YES;
				VALID_ARCHS = armv7;
			};
			name = Release;
		};
		F4FD7A1018BE16FC00BC67B5 /* Debug */ = {
			isa = XCBuildConfiguration;
			buildSettings = {
				ARCHS = "$(ARCHS_STANDARD_32_BIT)";
				ASSETCATALOG_COMPILER_APPICON_NAME = AppIcon;
				ASSETCATALOG_COMPILER_LAUNCHIMAGE_NAME = LaunchImage;
				CODE_SIGN_IDENTITY = "iPhone Developer: Eddie Zhang (9D6E4LS4WU)";
				GCC_PRECOMPILE_PREFIX_HEADER = YES;
				GCC_PREFIX_HEADER = "SimpleDemo/SimpleDemo-Prefix.pch";
				INFOPLIST_FILE = "SimpleDemo/SimpleDemo-Info.plist";
				IPHONEOS_DEPLOYMENT_TARGET = 6.0;
				PRODUCT_NAME = "$(TARGET_NAME)";
				WRAPPER_EXTENSION = app;
			};
			name = Debug;
		};
		F4FD7A1118BE16FC00BC67B5 /* Release */ = {
			isa = XCBuildConfiguration;
			buildSettings = {
				ARCHS = "$(ARCHS_STANDARD_32_BIT)";
				ASSETCATALOG_COMPILER_APPICON_NAME = AppIcon;
				ASSETCATALOG_COMPILER_LAUNCHIMAGE_NAME = LaunchImage;
				CODE_SIGN_IDENTITY = "iPhone Developer: Eddie Zhang (9D6E4LS4WU)";
				GCC_PRECOMPILE_PREFIX_HEADER = YES;
				GCC_PREFIX_HEADER = "SimpleDemo/SimpleDemo-Prefix.pch";
				INFOPLIST_FILE = "SimpleDemo/SimpleDemo-Info.plist";
				IPHONEOS_DEPLOYMENT_TARGET = 6.0;
				PRODUCT_NAME = "$(TARGET_NAME)";
				WRAPPER_EXTENSION = app;
			};
			name = Release;
		};
		F4FD7A1318BE16FC00BC67B5 /* Debug */ = {
			isa = XCBuildConfiguration;
			buildSettings = {
				ARCHS = "$(ARCHS_STANDARD_INCLUDING_64_BIT)";
				BUNDLE_LOADER = "$(BUILT_PRODUCTS_DIR)/SimpleDemo.app/SimpleDemo";
				FRAMEWORK_SEARCH_PATHS = (
					"$(SDKROOT)/Developer/Library/Frameworks",
					"$(inherited)",
					"$(DEVELOPER_FRAMEWORKS_DIR)",
				);
				GCC_PRECOMPILE_PREFIX_HEADER = YES;
				GCC_PREFIX_HEADER = "SimpleDemo/SimpleDemo-Prefix.pch";
				GCC_PREPROCESSOR_DEFINITIONS = (
					"DEBUG=1",
					"$(inherited)",
				);
				INFOPLIST_FILE = "SimpleDemoTests/SimpleDemoTests-Info.plist";
				PRODUCT_NAME = "$(TARGET_NAME)";
				TEST_HOST = "$(BUNDLE_LOADER)";
				WRAPPER_EXTENSION = xctest;
			};
			name = Debug;
		};
		F4FD7A1418BE16FC00BC67B5 /* Release */ = {
			isa = XCBuildConfiguration;
			buildSettings = {
				ARCHS = "$(ARCHS_STANDARD_INCLUDING_64_BIT)";
				BUNDLE_LOADER = "$(BUILT_PRODUCTS_DIR)/SimpleDemo.app/SimpleDemo";
				FRAMEWORK_SEARCH_PATHS = (
					"$(SDKROOT)/Developer/Library/Frameworks",
					"$(inherited)",
					"$(DEVELOPER_FRAMEWORKS_DIR)",
				);
				GCC_PRECOMPILE_PREFIX_HEADER = YES;
				GCC_PREFIX_HEADER = "SimpleDemo/SimpleDemo-Prefix.pch";
				INFOPLIST_FILE = "SimpleDemoTests/SimpleDemoTests-Info.plist";
				PRODUCT_NAME = "$(TARGET_NAME)";
				TEST_HOST = "$(BUNDLE_LOADER)";
				WRAPPER_EXTENSION = xctest;
			};
			name = Release;
		};
/* End XCBuildConfiguration section */

/* Begin XCConfigurationList section */
		F4FD79D518BE16FC00BC67B5 /* Build configuration list for PBXProject "SimpleDemo" */ = {
			isa = XCConfigurationList;
			buildConfigurations = (
				F4FD7A0D18BE16FC00BC67B5 /* Debug */,
				F4FD7A0E18BE16FC00BC67B5 /* Release */,
			);
			defaultConfigurationIsVisible = 0;
			defaultConfigurationName = Release;
		};
		F4FD7A0F18BE16FC00BC67B5 /* Build configuration list for PBXNativeTarget "SimpleDemo" */ = {
			isa = XCConfigurationList;
			buildConfigurations = (
				F4FD7A1018BE16FC00BC67B5 /* Debug */,
				F4FD7A1118BE16FC00BC67B5 /* Release */,
			);
			defaultConfigurationIsVisible = 0;
			defaultConfigurationName = Release;
		};
		F4FD7A1218BE16FC00BC67B5 /* Build configuration list for PBXNativeTarget "SimpleDemoTests" */ = {
			isa = XCConfigurationList;
			buildConfigurations = (
				F4FD7A1318BE16FC00BC67B5 /* Debug */,
				F4FD7A1418BE16FC00BC67B5 /* Release */,
			);
			defaultConfigurationIsVisible = 0;
			defaultConfigurationName = Release;
		};
/* End XCConfigurationList section */
	};
	rootObject = F4FD79D218BE16FC00BC67B5 /* Project object */;
}
